
Microsoft Visual Studio Solution File, Format Version 12.00
# Visual Studio Version 16
VisualStudioVersion = 16.0.29306.81
MinimumVisualStudioVersion = 10.0.40219.1
Project("{FAE04EC0-301F-11D3-BF4B-00C04F79EFBC}") = "sinozicSebastianVjezbaPetlje", "sinozicSebastianVjezbaPetlje\sinozicSebastianVjezbaPetlje.csproj", "{4DB852FF-DC44-41CB-A20D-83886EE069A5}"
EndProject
Global
	GlobalSection(SolutionConfigurationPlatforms) = preSolution
		Debug|Any CPU = Debug|Any CPU
		Release|Any CPU = Release|Any CPU
	EndGlobalSection
	GlobalSection(ProjectConfigurationPlatforms) = postSolution
		{4DB852FF-DC44-41CB-A20D-83886EE069A5}.Debug|Any CPU.ActiveCfg = Debug|Any CPU
		{4DB852FF-DC44-41CB-A20D-83886EE069A5}.Debug|Any CPU.Build.0 = Debug|Any CPU
		{4DB852FF-DC44-41CB-A20D-83886EE069A5}.Release|Any CPU.ActiveCfg = Release|Any CPU
		{4DB852FF-DC44-41CB-A20D-83886EE069A5}.Release|Any CPU.Build.0 = Release|Any CPU
	EndGlobalSection
	GlobalSection(SolutionProperties) = preSolution
		HideSolutionNode = FALSE
	EndGlobalSection
	GlobalSection(ExtensibilityGlobals) = postSolution
		SolutionGuid = {13BC7DD5-C3EA-4E9A-9D35-8C465769F4F0}
	EndGlobalSection
EndGlobal
